{
    "_meta": {
        "hash": {
            "sha256": "454ca7a953f47c0e7a5277fb1b80343464e4f5836accea7efd727d23553b5c6c"
        },
        "pipfile-spec": 6,
        "requires": {
            "python_version": "3.6"
        },
        "sources": [
            {
                "name": "pypi",
                "url": "https://pypi.org/simple",
                "verify_ssl": true
            }
        ]
    },
    "default": {
        "babel": {
            "hashes": [
                "sha256:8c98f5e5f8f5f088571f2c6bd88d530e331cbbcb95a7311a0db69d3dca7ec563",
                "sha256:e86ca5a3a6bb64b9bbb62b9dac37225ec0ab5dfaae3c2492ebd648266468042f"
            ],
            "index": "pypi",
            "version": "==2.4.0"
        },
        "click": {
            "hashes": [
                "sha256:29f99fc6125fbc931b758dc053b3114e55c77a6e4c6c3a2674a2dc986016381d",
                "sha256:f15516df478d5a56180fbf80e68f206010e6d160fc39fa508b65e035fd75130b"
            ],
            "index": "pypi",
            "version": "==6.7"
        },
        "flask": {
            "hashes": [
                "sha256:6c3130c8927109a08225993e4e503de4ac4f2678678ae211b33b519c622a7242",
                "sha256:9dce4b6bfbb5b062181d3f7da8f727ff70c1156cbb4024351eafd426deb5fb88"
            ],
            "index": "pypi",
            "version": "==0.12.1"
        },
        "gitdb2": {
            "hashes": [
                "sha256:2ab3d41a03d74025649c882007b4495981535d19f9f70d1f4f275a68cdf77f6f",
                "sha256:b9f3209b401b8b4da5f94966c9c17650e66b7474ee5cd2dde5d983d1fba3ab66"
            ],
            "index": "pypi",
            "version": "==2.0.0"
        },
        "gitpython": {
            "hashes": [
                "sha256:3826185b11e1fc372e7d31251e9b65e11ccb7c27f82c771d619048bdb5b66c81",
                "sha256:f4380e0aabaa9ce0499d6b6136d89b6ca30e1c8a6839c34b40b3dde8a1f9499d"
            ],
            "index": "pypi",
            "version": "==2.1.3"
        },
        "itsdangerous": {
            "hashes": [
                "sha256:cbb3fcf8d3e33df861709ecaf89d9e6629cff0a217bc2848f1b41cd30d360519"
            ],
            "index": "pypi",
            "version": "==0.24"
        },
        "jinja2": {
            "hashes": [
                "sha256:2231bace0dfd8d2bf1e5d7e41239c06c9e0ded46e70cc1094a0aa64b0afeb054",
                "sha256:ddaa01a212cd6d641401cb01b605f4a4d9f37bfc93043d7f760ec70fb99ff9ff"
            ],
            "index": "pypi",
            "version": "==2.9.6"
        },
        "libsass": {
            "hashes": [
                "sha256:236762af9c693bb72ed92d65ff4a5a77d27af9494b6174fbec7e6308416673b0",
                "sha256:28a490f350d38fa3a16da8a52e5ae685e71c8938a7b87cf2d58aee892f30c756",
                "sha256:2fb999d978e9cc8f7459f8f07a8acf9fc03d6e9fa95fcf98169bf0a5ede81eb6",
                "sha256:38e9b9b08d299793fffa7b5003d473a6c537e495117f2c44787e3437a5e38f90",
                "sha256:55cb32142f8c5f449edcb4baf040b553d59a604c8957aa177d26782a06d0eb6f",
                "sha256:64414697e65da4bfb47f0e11471bf5c79e1dd81e10e2e4b1a70f8ed1cdc33f5b",
                "sha256:815d60626b329db2943c5d331a5b74d36eb2e441047ae2bd6ad8d1b2c14cfc5d",
                "sha256:a1e3f19ef392badcc87ad75d8988b1720a4d4f5a506f2f52ebb781300c57136d",
                "sha256:b064ccedb51b874c725a40f03fc952afd85bd6f5369d41aa74f393ff3388b9e1",
                "sha256:b8f8cf7c5ee16d217541e6b34def3f45286545077301adc4f54e94977fc69c9f",
                "sha256:c3ea0cbb36745b6cc10278539e0bf93a426f2f497306181fc6214193f493b8d5",
                "sha256:cd20479d80cdb49ba7007611d8a9a7004579d54552e010277764c19d82233a51",
                "sha256:cf43ea1a69bab2836fc953e3d73f32d15efdcbf44c6082df36dd12c76ff59322",
                "sha256:d2b77e43726cd658b1bc13f1a2df543dc34c9f945a9144faecc88ca03fe581ff",
                "sha256:ebf413799057a4dd59d85ceb533935f171117565053341e3714e4cb05253bbbf",
                "sha256:ec659d4d2f60d95160e60f7f52d569bf1b29318018b6f07f8706ff6d4bc04de7",
                "sha256:edb366b784c58c635ace69ef392e5ad3a42690aeac80d43521c64e0ee7706331",
                "sha256:ff07c2c55f9d73d9f57cded30138ff99dfbb9fe7fbc71a4bbb43aa067ad2beed"
            ],
            "index": "pypi",
            "version": "==0.12.3"
        },
        "markupsafe": {
            "hashes": [
                "sha256:a6be69091dac236ea9c6bc7d012beab42010fa914c459791d627dad4910eb665"
            ],
            "index": "pypi",
            "version": "==1.0"
        },
        "money": {
            "hashes": [
                "sha256:ac049caf19df9502f7a481d5959fc51b038baaa68c5dcef2070ffbb785729f7d"
            ],
            "index": "pypi",
            "version": "==1.3.0"
        },
        "python-dateutil": {
            "hashes": [
                "sha256:3acbef017340600e9ff8f2994d8f7afd6eacb295383f286466a6df3961e486f0",
                "sha256:537bf2a8f8ce6f6862ad705cd68f9e405c0b5db014aa40fa29eab4335d4b1716",
                "sha256:62a2f8df3d66f878373fd0072eacf4ee52194ba302e00082828e0d263b0418d2"
            ],
            "index": "pypi",
            "version": "==2.6.0"
        },
        "pytz": {
            "hashes": [
                "sha256:03c9962afe00e503e2d96abab4e8998a0f84d4230fa57afe1e0528473698cdd9",
                "sha256:39504670abb5dae77f56f8eb63823937ce727d7cdd0088e6909e6dcac0f89043",
                "sha256:43f52d4c6a0be301d53ebd867de05e2926c35728b3260157d274635a0a947f1c",
                "sha256:487e7d50710661116325747a9cd1744d3323f8e49748e287bc9e659060ec6bf9",
                "sha256:54a935085f7bf101f86b2aff75bd9672b435f51c3339db2ff616e66845f2b8f9",
                "sha256:c883c2d6670042c7bc1688645cac73dd2b03193d1f7a6847b6154e96890be06d",
                "sha256:d1d6729c85acea5423671382868627129432fba9a89ecbb248d8d1c7a9f01c67",
                "sha256:ddc93b6d41cfb81266a27d23a79e13805d4a5521032b512643af8729041a81b4",
                "sha256:f5c056e8f62d45ba8215e5cb8f50dfccb198b4b9fbea8500674f3443e4689589"
            ],
            "index": "pypi",
            "version": "==2017.2"
        },
        "requests": {
            "hashes": [
                "sha256:1a720e8862a41aa22e339373b526f508ef0c8988baf48b84d3fc891a8e237efb",
                "sha256:5722cd09762faa01276230270ff16af7acf7c5c45d623868d9ba116f15791ce8"
            ],
            "index": "pypi",
            "version": "==2.13.0"
        },
        "six": {
            "hashes": [
                "sha256:0ff78c403d9bccf5a425a6d31a12aa6b47f1c21ca4dc2573a7e2f32a97335eb1",
                "sha256:105f8d68616f8248e24bf0e9372ef04d3cc10104f1980f54d57b2ce73a5ad56a"
            ],
            "index": "pypi",
            "version": "==1.10.0"
        },
        "smmap2": {
            "hashes": [
                "sha256:2fd9bf96acf84caf80363c2e7178163cda58633fe657f82d0feeed69cf612626",
                "sha256:5c9fd3ac4a30b85d041a8bd3779e16aa704a161991e74b9a46692bc368e68752"
            ],
            "index": "pypi",
            "version": "==2.0.1"
        },
        "unidecode": {
            "hashes": [
                "sha256:ed4418b4b1b190487753f1cca6299e8076079258647284414e6d607d1f8a00e0",
                "sha256:eedac7bfd886f43484787206f6a141b232e2b2a58652c54d06499b187fd84660"
            ],
            "index": "pypi",
            "version": "==0.4.20"
        },
        "werkzeug": {
            "hashes": [
                "sha256:6716830febe9808bb7521fd26db3b398450cbed0886b2b4bea678b87340f534e",
                "sha256:918322630c58fa52b89e14c45de3ad78514e18928dac726060bb89cd647f6b83"
            ],
            "index": "pypi",
            "version": "==0.12.1"
        }
    },
    "develop": {}
}
